
Microsoft Visual Studio Solution File, Format Version 12.00
# Visual Studio Version 16
VisualStudioVersion = 16.0.30204.135
MinimumVisualStudioVersion = 10.0.40219.1
Project("{FAE04EC0-301F-11D3-BF4B-00C04F79EFBC}") = "RandomNumberApp", "RandomNumberApp\RandomNumberApp.csproj", "{664361C3-A8A8-45DA-94C9-32462DF3BCD4}"
EndProject
Global
	GlobalSection(SolutionConfigurationPlatforms) = preSolution
		Debug|Any CPU = Debug|Any CPU
		Release|Any CPU = Release|Any CPU
	EndGlobalSection
	GlobalSection(ProjectConfigurationPlatforms) = postSolution
		{664361C3-A8A8-45DA-94C9-32462DF3BCD4}.Debug|Any CPU.ActiveCfg = Debug|Any CPU
		{664361C3-A8A8-45DA-94C9-32462DF3BCD4}.Debug|Any CPU.Build.0 = Debug|Any CPU
		{664361C3-A8A8-45DA-94C9-32462DF3BCD4}.Release|Any CPU.ActiveCfg = Release|Any CPU
		{664361C3-A8A8-45DA-94C9-32462DF3BCD4}.Release|Any CPU.Build.0 = Release|Any CPU
	EndGlobalSection
	GlobalSection(SolutionProperties) = preSolution
		HideSolutionNode = FALSE
	EndGlobalSection
	GlobalSection(ExtensibilityGlobals) = postSolution
		SolutionGuid = {7706968A-64C8-4042-B4ED-281B788E88BA}
	EndGlobalSection
EndGlobal
